
Microsoft Visual Studio Solution File, Format Version 12.00
# Visual Studio Version 17
VisualStudioVersion = 17.11.35219.272
MinimumVisualStudioVersion = 10.0.40219.1
Project("{FAE04EC0-301F-11D3-BF4B-00C04F79EFBC}") = "TaskFlowApi", "TaskFlowApi.csproj", "{09502F39-7475-4E3F-917B-42D01ADE405D}"
EndProject
Global
	GlobalSection(SolutionConfigurationPlatforms) = preSolution
		Debug|Any CPU = Debug|Any CPU
		Release|Any CPU = Release|Any CPU
	EndGlobalSection
	GlobalSection(ProjectConfigurationPlatforms) = postSolution
		{09502F39-7475-4E3F-917B-42D01ADE405D}.Debug|Any CPU.ActiveCfg = Debug|Any CPU
		{09502F39-7475-4E3F-917B-42D01ADE405D}.Debug|Any CPU.Build.0 = Debug|Any CPU
		{09502F39-7475-4E3F-917B-42D01ADE405D}.Release|Any CPU.ActiveCfg = Release|Any CPU
		{09502F39-7475-4E3F-917B-42D01ADE405D}.Release|Any CPU.Build.0 = Release|Any CPU
	EndGlobalSection
	GlobalSection(SolutionProperties) = preSolution
		HideSolutionNode = FALSE
	EndGlobalSection
	GlobalSection(ExtensibilityGlobals) = postSolution
		SolutionGuid = {09B6051C-2C18-4138-9EA2-742CDE654636}
	EndGlobalSection
EndGlobal
